dependencies:
  espressif/cjson:
    component_hash: e788323270d90738662d66fffa910bfe1fba019bba087f01557e70c40485b469
    dependencies:
    - name: idf
      require: private
      version: '>=5.0'
    source:
      registry_url: https://components.espressif.com
      type: service
    version: 1.7.19~2
  espressif/cmake_utilities:
    component_hash: 351350613ceafba240b761b4ea991e0f231ac7a9f59a9ee901f751bddc0bb18f
    dependencies:
    - name: idf
      require: private
      version: '>=4.1'
    source:
      registry_url: https://components.espressif.com
      type: service
    version: 0.5.3
  espressif/dl_fft:
    component_hash: 965be7152132b365061abf5fc5fc7b85e525f73b94a204cdda61cfe9572c0d77
    dependencies:
    - name: idf
      require: private
      version: '>=5.0'
    source:
      registry_url: https://components.espressif.com
      type: service
    version: 0.8.0
  espressif/eppp_link:
    component_hash: c1369b37f2b0b427b198ae14e07e7547d3da92b95fe4dc7f949e5de560b35f21
    dependencies:
    - name: espressif/esp_serial_slave_link
      registry_url: https://components.espressif.com
      require: private
      version: ^1.1.0
    - name: idf
      require: private
      version: '>=5.2'
    source:
      registry_url: https://components.espressif.com
      type: service
    version: 1.1.6
  espressif/esp-dl:
    component_hash: 3148b2692a2943d7e35401dc10a181b6ba83515ec70ef51499ac5d2593eef3e2
    dependencies:
    - name: espressif/dl_fft
      registry_url: https://components.espressif.com
      require: private
      version: '>=0.8.0'
    - name: espressif/esp_new_jpeg
      registry_url: https://components.espressif.com
      require: private
      version: ^1
    - name: idf
      require: private
      version: '*'
    source:
      registry_url: https://components.espressif.com
      type: service
    targets:
    - esp32
    - esp32c2
    - esp32c3
    - esp32c5
    - esp32c6
    - esp32p4
    - esp32s2
    - esp32s3
    - esp32s31
    version: 3.3.13
  espressif/esp-sr:
    component_hash: 698154c0a94f6c8ac3e1ac669ec3ea741e6f848022b0f89030eddb23f3a31e14
    dependencies:
    - name: espressif/cjson
      registry_url: https://components.espressif.com
      require: private
      version: ^1.7.19
    - name: espressif/dl_fft
      registry_url: https://components.espressif.com
      require: private
      version: '>=0.6.0'
    - name: espressif/esp-dl
      registry_url: https://components.espressif.com
      require: private
      version: ~3.3.12
    - name: espressif/esp-dsp
      registry_url: https://components.espressif.com
      require: private
      rules:
      - if: target in [esp32, esp32s2, esp32c3, esp32c5, esp32c6]
      version: 1.8.0
    - name: idf
      require: private
      version: '>=5.0'
    source:
      registry_url: https://components.espressif.com/
      type: service
    version: 2.5.5
  espressif/esp_cam_sensor:
    component_hash: 0dd6634a71cc8756f0e46c961476304a23a82db4f4c4deb8aecfa30161d2185c
    dependencies:
    - name: espressif/cmake_utilities
      registry_url: https://components.espressif.com
      require: private
      version: 0.*
    - name: espressif/esp_sccb_intf
      registry_url: https://components.espressif.com
      require: private
      version: '>=0.0.5'
    - name: idf
      require: private
      version: '>=5.3'
    source:
      registry_url: https://components.espressif.com
      type: service
    targets:
    - esp32p4
    - esp32s3
    - esp32c3
    - esp32c5
    - esp32c6
    - esp32c61
    - esp32s31
    version: 2.6.0
  espressif/esp_h264:
    component_hash: 3d60078419ceac61cd87579664ae6a5a9b9a42d6f2edf4e23d753af8d2a67da9
    dependencies:
    - name: idf
      require: private
      version: '>=4.4'
    source:
      registry_url: https://components.espressif.com
      type: service
    targets:
    - esp32s3
    - esp32s31
    - esp32p4
    version: 1.4.1
  espressif/esp_hosted:
    component_hash: d72bce4d4a9fd6d4b610f3437735f58c70cfe40abfc969b53396dbb2e1d4c49b
    dependencies:
    - name: idf
      require: private
      version: '>=5.5'
    source:
      registry_url: https://components.espressif.com/
      type: service
    targets:
    - esp32
    - esp32c2
    - esp32s2
    - esp32s3
    - esp32c3
    - esp32c5
    - esp32c6
    - esp32c61
    - esp32h2
    - esp32h4
    - esp32h21
    - esp32p4
    version: 3.0.9
  espressif/esp_ipa:
    component_hash: 80871ce076e8fce944e4f7d86a8b16e12d93c57e5e37064ec38eb9b123b6d769
    dependencies:
    - name: espressif/cmake_utilities
      registry_url: https://components.espressif.com
      require: private
      version: 0.*
    - name: idf
      require: private
      version: '>=5.4'
    source:
      registry_url: https://components.espressif.com
      type: service
    targets:
    - esp32p4
    version: 2.4.0
  espressif/esp_new_jpeg:
    component_hash: e1e7e6991193c41ed6c9fc386702aa7821433319e7aa9c3147cd3236310cd69c
    dependencies: []
    source:
      registry_url: https://components.espressif.com
      type: service
    targets:
    - esp32
    - esp32s2
    - esp32s3
    - esp32s31
    - esp32p4
    - esp32c2
    - esp32c3
    - esp32c5
    - esp32c6
    - esp32c61
    - esp32h4
    version: 1.0.2
  espressif/esp_sccb_intf:
    component_hash: eb6a7d5c992f09583c163b2e3f5e95a0fdc87a2d9f8e026f3e59153935553889
    dependencies:
    - name: idf
      require: private
      version: '>=5.3'
    source:
      registry_url: https://components.espressif.com
      type: service
    version: 0.0.9
  espressif/esp_serial_slave_link:
    component_hash: ac1776806de0a6e371c84e87898bb983e19ce62aa7f1e2e5c4a3b0234a575d2c
    dependencies:
    - name: idf
      require: private
      version: '>=5.0'
    source:
      registry_url: https://components.espressif.com
      type: service
    version: 1.1.2
  espressif/esp_video:
    component_hash: 5694b16c12b8bb26b56ad3f999ad10119f1314d64b2d1c518bc7dfed902df9e1
    dependencies:
    - name: espressif/cmake_utilities
      registry_url: https://components.espressif.com
      require: private
      version: 0.*
    - name: espressif/esp_cam_sensor
      registry_url: https://components.espressif.com
      require: private
      version: 2.6.*
    - matches:
      - if: $CONFIG{ESP_VIDEO_USE_CUSTOMIZED_ESP_H264_VERSION} == False
      name: espressif/esp_h264
      registry_url: https://components.espressif.com
      require: private
      rules:
      - if: target in [esp32p4]
      version: 1.4.*
    - name: espressif/esp_ipa
      registry_url: https://components.espressif.com
      require: private
      rules:
      - if: target in [esp32p4]
      version: 2.4.*
    - name: idf
      require: private
      version: '>=5.4'
    - name: espressif/usb_host_uvc
      registry_url: https://components.espressif.com
      require: private
      rules:
      - if: target in [esp32p4, esp32s3, esp32s31]
      version: 2.5.*
    source:
      registry_url: https://components.espressif.com/
      type: service
    targets:
    - esp32p4
    - esp32s3
    - esp32c3
    - esp32c5
    - esp32c6
    - esp32c61
    - esp32s31
    version: 2.5.0
  espressif/esp_websocket_client:
    component_hash: dc00233af846f3a744ada283a300e0d586040aadc3ee67361645ecdce4523672
    dependencies:
    - name: idf
      require: private
      version: '>=5.0'
    source:
      registry_url: https://components.espressif.com/
      type: service
    version: 1.8.0
  espressif/esp_wifi_remote:
    component_hash: faa185898a843b9d7d0456e4094a3b5f1491a48ddd57ce0e5179e13ac6243f2c
    dependencies:
    - name: espressif/esp_hosted
      registry_url: https://components.espressif.com
      require: private
      rules:
      - if: target in [esp32h2, esp32p4]
      version: '>=2.11'
    - name: espressif/wifi_remote_over_eppp
      registry_url: https://components.espressif.com
      require: private
      version: '>=0.1'
    - name: idf
      require: private
      version: '>=5.3'
    source:
      registry_url: https://components.espressif.com/
      type: service
    version: 1.6.5
  espressif/usb_host_uvc:
    component_hash: ecb2604b71cb5a65d64e5f441be54793b1838096043ad8cf1fa0d3012de18a9a
    dependencies:
    - name: idf
      require: private
      version: '>=5.0'
    - name: espressif/usb
      registry_url: https://components.espressif.com
      require: public
      rules:
      - if: idf_version >=6.0
      - if: target not in ["linux"]
      version: ^1.0.0
    source:
      registry_url: https://components.espressif.com
      type: service
    targets:
    - esp32s2
    - esp32s3
    - esp32p4
    - esp32h4
    - esp32s31
    - linux
    version: 2.5.2
  espressif/wifi_remote_over_eppp:
    component_hash: 1fd6968af20f0b19e421f6b519b0a8caf81d689afc3783b564c28559e45f66ef
    dependencies:
    - name: espressif/eppp_link
      registry_url: https://components.espressif.com
      require: private
      version: '>=0.1'
    - name: idf
      require: private
      version: '>=5.3'
    source:
      registry_url: https://components.espressif.com
      type: service
    version: 0.3.3
  idf:
    source:
      type: idf
    version: 5.5.5
direct_dependencies:
- espressif/esp-sr
- espressif/esp_hosted
- espressif/esp_video
- espressif/esp_websocket_client
- espressif/esp_wifi_remote
- idf
manifest_hash: 1fc242188087b593dbe9f7d339ccb0cc29ddaef0cf73ba3e97ca733a15e3eaac
target: esp32p4
version: 2.0.0
